
Microsoft Visual Studio Solution File, Format Version 12.00
# Visual Studio Version 16
VisualStudioVersion = 16.0.30320.27
MinimumVisualStudioVersion = 10.0.40219.1
Project("{FAE04EC0-301F-11D3-BF4B-00C04F79EFBC}") = "ImgBrowser", "ImgBrowser\ImgBrowser.csproj", "{21DB41E6-53DC-4851-AE2D-9F6A868E5330}"
EndProject
Global
	GlobalSection(SolutionConfigurationPlatforms) = preSolution
		Debug|Any CPU = Debug|Any CPU
		Release|Any CPU = Release|Any CPU
	EndGlobalSection
	GlobalSection(ProjectConfigurationPlatforms) = postSolution
		{21DB41E6-53DC-4851-AE2D-9F6A868E5330}.Debug|Any CPU.ActiveCfg = Debug|Any CPU
		{21DB41E6-53DC-4851-AE2D-9F6A868E5330}.Debug|Any CPU.Build.0 = Debug|Any CPU
		{21DB41E6-53DC-4851-AE2D-9F6A868E5330}.Release|Any CPU.ActiveCfg = Release|Any CPU
		{21DB41E6-53DC-4851-AE2D-9F6A868E5330}.Release|Any CPU.Build.0 = Release|Any CPU
	EndGlobalSection
	GlobalSection(SolutionProperties) = preSolution
		HideSolutionNode = FALSE
	EndGlobalSection
	GlobalSection(ExtensibilityGlobals) = postSolution
		SolutionGuid = {BD5A6E44-1A59-440C-A810-650FF3B3261B}
	EndGlobalSection
EndGlobal
